
Microsoft Visual Studio Solution File, Format Version 12.00
# Visual Studio Version 17
VisualStudioVersion = 17.9.34607.119
MinimumVisualStudioVersion = 10.0.40219.1
Project("{FAE04EC0-301F-11D3-BF4B-00C04F79EFBC}") = "constructors", "constructors\constructors.csproj", "{E3C8E556-C5BE-46D0-8B03-9BB4637762F5}"
EndProject
Global
	GlobalSection(SolutionConfigurationPlatforms) = preSolution
		Debug|Any CPU = Debug|Any CPU
		Release|Any CPU = Release|Any CPU
	EndGlobalSection
	GlobalSection(ProjectConfigurationPlatforms) = postSolution
		{E3C8E556-C5BE-46D0-8B03-9BB4637762F5}.Debug|Any CPU.ActiveCfg = Debug|Any CPU
		{E3C8E556-C5BE-46D0-8B03-9BB4637762F5}.Debug|Any CPU.Build.0 = Debug|Any CPU
		{E3C8E556-C5BE-46D0-8B03-9BB4637762F5}.Release|Any CPU.ActiveCfg = Release|Any CPU
		{E3C8E556-C5BE-46D0-8B03-9BB4637762F5}.Release|Any CPU.Build.0 = Release|Any CPU
	EndGlobalSection
	GlobalSection(SolutionProperties) = preSolution
		HideSolutionNode = FALSE
	EndGlobalSection
	GlobalSection(ExtensibilityGlobals) = postSolution
		SolutionGuid = {B63D5167-E51E-40BD-A1EA-B1FFD2F8967D}
	EndGlobalSection
EndGlobal
