
Microsoft Visual Studio Solution File, Format Version 12.00
# Visual Studio Version 17
VisualStudioVersion = 17.9.34607.119
MinimumVisualStudioVersion = 10.0.40219.1
Project("{FAE04EC0-301F-11D3-BF4B-00C04F79EFBC}") = "week6", "week6\week6.csproj", "{798E9E74-4B6D-4FDE-B0B1-5AA3901434FB}"
EndProject
Global
	GlobalSection(SolutionConfigurationPlatforms) = preSolution
		Debug|Any CPU = Debug|Any CPU
		Release|Any CPU = Release|Any CPU
	EndGlobalSection
	GlobalSection(ProjectConfigurationPlatforms) = postSolution
		{798E9E74-4B6D-4FDE-B0B1-5AA3901434FB}.Debug|Any CPU.ActiveCfg = Debug|Any CPU
		{798E9E74-4B6D-4FDE-B0B1-5AA3901434FB}.Debug|Any CPU.Build.0 = Debug|Any CPU
		{798E9E74-4B6D-4FDE-B0B1-5AA3901434FB}.Release|Any CPU.ActiveCfg = Release|Any CPU
		{798E9E74-4B6D-4FDE-B0B1-5AA3901434FB}.Release|Any CPU.Build.0 = Release|Any CPU
	EndGlobalSection
	GlobalSection(SolutionProperties) = preSolution
		HideSolutionNode = FALSE
	EndGlobalSection
	GlobalSection(ExtensibilityGlobals) = postSolution
		SolutionGuid = {1A2FE55E-AE08-443E-B9A7-8BB77723A377}
	EndGlobalSection
EndGlobal
